
Microsoft Visual Studio Solution File, Format Version 12.00
# Visual Studio Version 16
VisualStudioVersion = 16.0.32106.194
MinimumVisualStudioVersion = 10.0.40219.1
Project("{FAE04EC0-301F-11D3-BF4B-00C04F79EFBC}") = "E-TicaretSitesiBem", "E-TicaretSitesiBem.csproj", "{EFA76822-2705-431A-AB25-3CB8AF7B7D19}"
EndProject
Global
	GlobalSection(SolutionConfigurationPlatforms) = preSolution
		Debug|Any CPU = Debug|Any CPU
		Release|Any CPU = Release|Any CPU
	EndGlobalSection
	GlobalSection(ProjectConfigurationPlatforms) = postSolution
		{EFA76822-2705-431A-AB25-3CB8AF7B7D19}.Debug|Any CPU.ActiveCfg = Debug|Any CPU
		{EFA76822-2705-431A-AB25-3CB8AF7B7D19}.Debug|Any CPU.Build.0 = Debug|Any CPU
		{EFA76822-2705-431A-AB25-3CB8AF7B7D19}.Release|Any CPU.ActiveCfg = Release|Any CPU
		{EFA76822-2705-431A-AB25-3CB8AF7B7D19}.Release|Any CPU.Build.0 = Release|Any CPU
	EndGlobalSection
	GlobalSection(SolutionProperties) = preSolution
		HideSolutionNode = FALSE
	EndGlobalSection
	GlobalSection(ExtensibilityGlobals) = postSolution
		SolutionGuid = {3C712D46-18C2-4E6E-AD20-305E89CCD186}
	EndGlobalSection
EndGlobal
